// !$*UTF8*$!
{
	archiveVersion = 1;
	classes = {
	};
	objectVersion = 46;
	objects = {

/* Begin PBXBuildFile section */
		02A1811D1DA54A5100F0FEB6 /* AppDelegate.swift in Sources */ = {isa = PBXBuildFile; fileRef = 02A1811C1DA54A5100F0FEB6 /* AppDelegate.swift */; };
		02A1811F1DA54A5100F0FEB6 /* ViewController.swift in Sources */ = {isa = PBXBuildFile; fileRef = 02A1811E1DA54A5100F0FEB6 /* ViewController.swift */; };
		02A181221DA54A5100F0FEB6 /* Main.storyboard in Resources */ = {isa = PBXBuildFile; fileRef = 02A181201DA54A5100F0FEB6 /* Main.storyboard */; };
		02A181241DA54A5100F0FEB6 /* Assets.xcassets in Resources */ = {isa = PBXBuildFile; fileRef = 02A181231DA54A5100F0FEB6 /* Assets.xcassets */; };
		02A181271DA54A5100F0FEB6 /* LaunchScreen.storyboard in Resources */ = {isa = PBXBuildFile; fileRef = 02A181251DA54A5100F0FEB6 /* LaunchScreen.storyboard */; };
		02A181321DA54A5100F0FEB6 /* CircularLevelRankingIndicatorTests.swift in Sources */ = {isa = PBXBuildFile; fileRef = 02A181311DA54A5100F0FEB6 /* CircularLevelRankingIndicatorTests.swift */; };
		02A1813D1DA54A7000F0FEB6 /* CircularLevelRankingIndicatorView.swift in Sources */ = {isa = PBXBuildFile; fileRef = 02A1813C1DA54A7000F0FEB6 /* CircularLevelRankingIndicatorView.swift */; };
		02A181411DA5930900F0FEB6 /* CircularLevelRankView.swift in Sources */ = {isa = PBXBuildFile; fileRef = 02A181401DA5930900F0FEB6 /* CircularLevelRankView.swift */; };
/* End PBXBuildFile section */

/* Begin PBXContainerItemProxy section */
		02A1812E1DA54A5100F0FEB6 /* PBXContainerItemProxy */ = {
			isa = PBXContainerItemProxy;
			containerPortal = 02A181111DA54A5100F0FEB6 /* Project object */;
			proxyType = 1;
			remoteGlobalIDString = 02A181181DA54A5100F0FEB6;
			remoteInfo = CircularLevelRankingIndicator;
		};
/* End PBXContainerItemProxy section */

/* Begin PBXFileReference section */
		02A181191DA54A5100F0FEB6 /* CircularLevelRankingIndicator.app */ = {isa = PBXFileReference; explicitFileType = wrapper.application; includeInIndex = 0; path = CircularLevelRankingIndicator.app; sourceTree = BUILT_PRODUCTS_DIR; };
		02A1811C1DA54A5100F0FEB6 /* AppDelegate.swift */ = {isa = PBXFileReference; lastKnownFileType = sourcecode.swift; path = AppDelegate.swift; sourceTree = "<group>"; };
		02A1811E1DA54A5100F0FEB6 /* ViewController.swift */ = {isa = PBXFileReference; lastKnownFileType = sourcecode.swift; path = ViewController.swift; sourceTree = "<group>"; };
		02A181211DA54A5100F0FEB6 /* Base */ = {isa = PBXFileReference; lastKnownFileType = file.storyboard; name = Base; path = Base.lproj/Main.storyboard; sourceTree = "<group>"; };
		02A181231DA54A5100F0FEB6 /* Assets.xcassets */ = {isa = PBXFileReference; lastKnownFileType = folder.assetcatalog; path = Assets.xcassets; sourceTree = "<group>"; };
		02A181261DA54A5100F0FEB6 /* Base */ = {isa = PBXFileReference; lastKnownFileType = file.storyboard; name = Base; path = Base.lproj/LaunchScreen.storyboard; sourceTree = "<group>"; };
		02A181281DA54A5100F0FEB6 /* Info.plist */ = {isa = PBXFileReference; lastKnownFileType = text.plist.xml; path = Info.plist; sourceTree = "<group>"; };
		02A1812D1DA54A5100F0FEB6 /* CircularLevelRankingIndicatorTests.xctest */ = {isa = PBXFileReference; explicitFileType = wrapper.cfbundle; includeInIndex = 0; path = CircularLevelRankingIndicatorTests.xctest; sourceTree = BUILT_PRODUCTS_DIR; };
		02A181311DA54A5100F0FEB6 /* CircularLevelRankingIndicatorTests.swift */ = {isa = PBXFileReference; lastKnownFileType = sourcecode.swift; path = CircularLevelRankingIndicatorTests.swift; sourceTree = "<group>"; };
		02A181331DA54A5100F0FEB6 /* Info.plist */ = {isa = PBXFileReference; lastKnownFileType = text.plist.xml; path = Info.plist; sourceTree = "<group>"; };
		02A1813C1DA54A7000F0FEB6 /* CircularLevelRankingIndicatorView.swift */ = {isa = PBXFileReference; fileEncoding = 4; lastKnownFileType = sourcecode.swift; path = CircularLevelRankingIndicatorView.swift; sourceTree = "<group>"; };
		02A181401DA5930900F0FEB6 /* CircularLevelRankView.swift */ = {isa = PBXFileReference; fileEncoding = 4; lastKnownFileType = sourcecode.swift; path = CircularLevelRankView.swift; sourceTree = "<group>"; };
/* End PBXFileReference section */

/* Begin PBXFrameworksBuildPhase section */
		02A181161DA54A5100F0FEB6 /* Frameworks */ = {
			isa = PBXFrameworksBuildPhase;
			buildActionMask = 2147483647;
			files = (
			);
			runOnlyForDeploymentPostprocessing = 0;
		};
		02A1812A1DA54A5100F0FEB6 /* Frameworks */ = {
			isa = PBXFrameworksBuildPhase;
			buildActionMask = 2147483647;
			files = (
			);
			runOnlyForDeploymentPostprocessing = 0;
		};
/* End PBXFrameworksBuildPhase section */

/* Begin PBXGroup section */
		02A181101DA54A5100F0FEB6 = {
			isa = PBXGroup;
			children = (
				02A1811B1DA54A5100F0FEB6 /* CircularLevelRankingIndicator */,
				02A181301DA54A5100F0FEB6 /* CircularLevelRankingIndicatorTests */,
				02A1811A1DA54A5100F0FEB6 /* Products */,
			);
			sourceTree = "<group>";
		};
		02A1811A1DA54A5100F0FEB6 /* Products */ = {
			isa = PBXGroup;
			children = (
				02A181191DA54A5100F0FEB6 /* CircularLevelRankingIndicator.app */,
				02A1812D1DA54A5100F0FEB6 /* CircularLevelRankingIndicatorTests.xctest */,
			);
			name = Products;
			sourceTree = "<group>";
		};
		02A1811B1DA54A5100F0FEB6 /* CircularLevelRankingIndicator */ = {
			isa = PBXGroup;
			children = (
				02A1811C1DA54A5100F0FEB6 /* AppDelegate.swift */,
				02A1811E1DA54A5100F0FEB6 /* ViewController.swift */,
				02A1813C1DA54A7000F0FEB6 /* CircularLevelRankingIndicatorView.swift */,
				02A181401DA5930900F0FEB6 /* CircularLevelRankView.swift */,
				02A181201DA54A5100F0FEB6 /* Main.storyboard */,
				02A181231DA54A5100F0FEB6 /* Assets.xcassets */,
				02A181251DA54A5100F0FEB6 /* LaunchScreen.storyboard */,
				02A181281DA54A5100F0FEB6 /* Info.plist */,
			);
			path = CircularLevelRankingIndicator;
			sourceTree = "<group>";
		};
		02A181301DA54A5100F0FEB6 /* CircularLevelRankingIndicatorTests */ = {
			isa = PBXGroup;
			children = (
				02A181311DA54A5100F0FEB6 /* CircularLevelRankingIndicatorTests.swift */,
				02A181331DA54A5100F0FEB6 /* Info.plist */,
			);
			path = CircularLevelRankingIndicatorTests;
			sourceTree = "<group>";
		};
/* End PBXGroup section */

/* Begin PBXNativeTarget section */
		02A181181DA54A5100F0FEB6 /* CircularLevelRankingIndicator */ = {
			isa = PBXNativeTarget;
			buildConfigurationList = 02A181361DA54A5100F0FEB6 /* Build configuration list for PBXNativeTarget "CircularLevelRankingIndicator" */;
			buildPhases = (
				02A181151DA54A5100F0FEB6 /* Sources */,
				02A181161DA54A5100F0FEB6 /* Frameworks */,
				02A181171DA54A5100F0FEB6 /* Resources */,
			);
			buildRules = (
			);
			dependencies = (
			);
			name = CircularLevelRankingIndicator;
			productName = CircularLevelRankingIndicator;
			productReference = 02A181191DA54A5100F0FEB6 /* CircularLevelRankingIndicator.app */;
			productType = "com.apple.product-type.application";
		};
		02A1812C1DA54A5100F0FEB6 /* CircularLevelRankingIndicatorTests */ = {
			isa = PBXNativeTarget;
			buildConfigurationList = 02A181391DA54A5100F0FEB6 /* Build configuration list for PBXNativeTarget "CircularLevelRankingIndicatorTests" */;
			buildPhases = (
				02A181291DA54A5100F0FEB6 /* Sources */,
				02A1812A1DA54A5100F0FEB6 /* Frameworks */,
				02A1812B1DA54A5100F0FEB6 /* Resources */,
			);
			buildRules = (
			);
			dependencies = (
				02A1812F1DA54A5100F0FEB6 /* PBXTargetDependency */,
			);
			name = CircularLevelRankingIndicatorTests;
			productName = CircularLevelRankingIndicatorTests;
			productReference = 02A1812D1DA54A5100F0FEB6 /* CircularLevelRankingIndicatorTests.xctest */;
			productType = "com.apple.product-type.bundle.unit-test";
		};
/* End PBXNativeTarget section */

/* Begin PBXProject section */
		02A181111DA54A5100F0FEB6 /* Project object */ = {
			isa = PBXProject;
			attributes = {
				LastSwiftUpdateCheck = 0730;
				LastUpgradeCheck = 0730;
				ORGANIZATIONNAME = Sklar;
				TargetAttributes = {
					02A181181DA54A5100F0FEB6 = {
						CreatedOnToolsVersion = 7.3.1;
					};
					02A1812C1DA54A5100F0FEB6 = {
						CreatedOnToolsVersion = 7.3.1;
						TestTargetID = 02A181181DA54A5100F0FEB6;
					};
				};
			};
			buildConfigurationList = 02A181141DA54A5100F0FEB6 /* Build configuration list for PBXProject "CircularLevelRankingIndicator" */;
			compatibilityVersion = "Xcode 3.2";
			developmentRegion = English;
			hasScannedForEncodings = 0;
			knownRegions = (
				en,
				Base,
			);
			mainGroup = 02A181101DA54A5100F0FEB6;
			productRefGroup = 02A1811A1DA54A5100F0FEB6 /* Products */;
			projectDirPath = "";
			projectRoot = "";
			targets = (
				02A181181DA54A5100F0FEB6 /* CircularLevelRankingIndicator */,
				02A1812C1DA54A5100F0FEB6 /* CircularLevelRankingIndicatorTests */,
			);
		};
/* End PBXProject section */

/* Begin PBXResourcesBuildPhase section */
		02A181171DA54A5100F0FEB6 /* Resources */ = {
			isa = PBXResourcesBuildPhase;
			buildActionMask = 2147483647;
			files = (
				02A181271DA54A5100F0FEB6 /* LaunchScreen.storyboard in Resources */,
				02A181241DA54A5100F0FEB6 /* Assets.xcassets in Resources */,
				02A181221DA54A5100F0FEB6 /* Main.storyboard in Resources */,
			);
			runOnlyForDeploymentPostprocessing = 0;
		};
		02A1812B1DA54A5100F0FEB6 /* Resources */ = {
			isa = PBXResourcesBuildPhase;
			buildActionMask = 2147483647;
			files = (
			);
			runOnlyForDeploymentPostprocessing = 0;
		};
/* End PBXResourcesBuildPhase section */

/* Begin PBXSourcesBuildPhase section */
		02A181151DA54A5100F0FEB6 /* Sources */ = {
			isa = PBXSourcesBuildPhase;
			buildActionMask = 2147483647;
			files = (
				02A1811F1DA54A5100F0FEB6 /* ViewController.swift in Sources */,
				02A1811D1DA54A5100F0FEB6 /* AppDelegate.swift in Sources */,
				02A181411DA5930900F0FEB6 /* CircularLevelRankView.swift in Sources */,
				02A1813D1DA54A7000F0FEB6 /* CircularLevelRankingIndicatorView.swift in Sources */,
			);
			runOnlyForDeploymentPostprocessing = 0;
		};
		02A181291DA54A5100F0FEB6 /* Sources */ = {
			isa = PBXSourcesBuildPhase;
			buildActionMask = 2147483647;
			files = (
				02A181321DA54A5100F0FEB6 /* CircularLevelRankingIndicatorTests.swift in Sources */,
			);
			runOnlyForDeploymentPostprocessing = 0;
		};
/* End PBXSourcesBuildPhase section */

/* Begin PBXTargetDependency section */
		02A1812F1DA54A5100F0FEB6 /* PBXTargetDependency */ = {
			isa = PBXTargetDependency;
			target = 02A181181DA54A5100F0FEB6 /* CircularLevelRankingIndicator */;
			targetProxy = 02A1812E1DA54A5100F0FEB6 /* PBXContainerItemProxy */;
		};
/* End PBXTargetDependency section */

/* Begin PBXVariantGroup section */
		02A181201DA54A5100F0FEB6 /* Main.storyboard */ = {
			isa = PBXVariantGroup;
			children = (
				02A181211DA54A5100F0FEB6 /* Base */,
			);
			name = Main.storyboard;
			sourceTree = "<group>";
		};
		02A181251DA54A5100F0FEB6 /* LaunchScreen.storyboard */ = {
			isa = PBXVariantGroup;
			children = (
				02A181261DA54A5100F0FEB6 /* Base */,
			);
			name = LaunchScreen.storyboard;
			sourceTree = "<group>";
		};
/* End PBXVariantGroup section */

/* Begin XCBuildConfiguration section */
		02A181341DA54A5100F0FEB6 /* Debug */ = {
			isa = XCBuildConfiguration;
			buildSettings = {
				ALWAYS_SEARCH_USER_PATHS = NO;
				CLANG_ANALYZER_NONNULL = YES;
				CLANG_CXX_LANGUAGE_STANDARD = "gnu++0x";
				CLANG_CXX_LIBRARY = "libc++";
				CLANG_ENABLE_MODULES = YES;
				CLANG_ENABLE_OBJC_ARC = YES;
				CLANG_WARN_BOOL_CONVERSION = YES;
				CLANG_WARN_CONSTANT_CONVERSION = YES;
				CLANG_WARN_DIRECT_OBJC_ISA_USAGE = YES_ERROR;
				CLANG_WARN_EMPTY_BODY = YES;
				CLANG_WARN_ENUM_CONVERSION = YES;
				CLANG_WARN_INT_CONVERSION = YES;
				CLANG_WARN_OBJC_ROOT_CLASS = YES_ERROR;
				CLANG_WARN_UNREACHABLE_CODE = YES;
				CLANG_WARN__DUPLICATE_METHOD_MATCH = YES;
				"CODE_SIGN_IDENTITY[sdk=iphoneos*]" = "iPhone Developer";
				COPY_PHASE_STRIP = NO;
				DEBUG_INFORMATION_FORMAT = dwarf;
				ENABLE_STRICT_OBJC_MSGSEND = YES;
				ENABLE_TESTABILITY = YES;
				GCC_C_LANGUAGE_STANDARD = gnu99;
				GCC_DYNAMIC_NO_PIC = NO;
				GCC_NO_COMMON_BLOCKS = YES;
				GCC_OPTIMIZATION_LEVEL = 0;
				GCC_PREPROCESSOR_DEFINITIONS = (
					"DEBUG=1",
					"$(inherited)",
				);
				GCC_WARN_64_TO_32_BIT_CONVERSION = YES;
				GCC_WARN_ABOUT_RETURN_TYPE = YES_ERROR;
				GCC_WARN_UNDECLARED_SELECTOR = YES;
				GCC_WARN_UNINITIALIZED_AUTOS = YES_AGGRESSIVE;
				GCC_WARN_UNUSED_FUNCTION = YES;
				GCC_WARN_UNUSED_VARIABLE = YES;
				IPHONEOS_DEPLOYMENT_TARGET = 9.3;
				MTL_ENABLE_DEBUG_INFO = YES;
				ONLY_ACTIVE_ARCH = YES;
				SDKROOT = iphoneos;
				SWIFT_OPTIMIZATION_LEVEL = "-Onone";
				TARGETED_DEVICE_FAMILY = "1,2";
			};
			name = Debug;
		};
		02A181351DA54A5100F0FEB6 /* Release */ = {
			isa = XCBuildConfiguration;
			buildSettings = {
				ALWAYS_SEARCH_USER_PATHS = NO;
				CLANG_ANALYZER_NONNULL = YES;
				CLANG_CXX_LANGUAGE_STANDARD = "gnu++0x";
				CLANG_CXX_LIBRARY = "libc++";
				CLANG_ENABLE_MODULES = YES;
				CLANG_ENABLE_OBJC_ARC = YES;
				CLANG_WARN_BOOL_CONVERSION = YES;
				CLANG_WARN_CONSTANT_CONVERSION = YES;
				CLANG_WARN_DIRECT_OBJC_ISA_USAGE = YES_ERROR;
				CLANG_WARN_EMPTY_BODY = YES;
				CLANG_WARN_ENUM_CONVERSION = YES;
				CLANG_WARN_INT_CONVERSION = YES;
				CLANG_WARN_OBJC_ROOT_CLASS = YES_ERROR;
				CLANG_WARN_UNREACHABLE_CODE = YES;
				CLANG_WARN__DUPLICATE_METHOD_MATCH = YES;
				"CODE_SIGN_IDENTITY[sdk=iphoneos*]" = "iPhone Developer";
				COPY_PHASE_STRIP = NO;
				DEBUG_INFORMATION_FORMAT = "dwarf-with-dsym";
				ENABLE_NS_ASSERTIONS = NO;
				ENABLE_STRICT_OBJC_MSGSEND = YES;
				GCC_C_LANGUAGE_STANDARD = gnu99;
				GCC_NO_COMMON_BLOCKS = YES;
				GCC_WARN_64_TO_32_BIT_CONVERSION = YES;
				GCC_WARN_ABOUT_RETURN_TYPE = YES_ERROR;
				GCC_WARN_UNDECLARED_SELECTOR = YES;
				GCC_WARN_UNINITIALIZED_AUTOS = YES_AGGRESSIVE;
				GCC_WARN_UNUSED_FUNCTION = YES;
				GCC_WARN_UNUSED_VARIABLE = YES;
				IPHONEOS_DEPLOYMENT_TARGET = 9.3;
				MTL_ENABLE_DEBUG_INFO = NO;
				SDKROOT = iphoneos;
				TARGETED_DEVICE_FAMILY = "1,2";
				VALIDATE_PRODUCT = YES;
			};
			name = Release;
		};
		02A181371DA54A5100F0FEB6 /* Debug */ = {
			isa = XCBuildConfiguration;
			buildSettings = {
				ASSETCATALOG_COMPILER_APPICON_NAME = AppIcon;
				INFOPLIST_FILE = CircularLevelRankingIndicator/Info.plist;
				LD_RUNPATH_SEARCH_PATHS = "$(inherited) @executable_path/Frameworks";
				PRODUCT_BUNDLE_IDENTIFIER = sklar.CircularLevelRankingIndicator;
				PRODUCT_NAME = "$(TARGET_NAME)";
			};
			name = Debug;
		};
		02A181381DA54A5100F0FEB6 /* Release */ = {
			isa = XCBuildConfiguration;
			buildSettings = {
				ASSETCATALOG_COMPILER_APPICON_NAME = AppIcon;
				INFOPLIST_FILE = CircularLevelRankingIndicator/Info.plist;
				LD_RUNPATH_SEARCH_PATHS = "$(inherited) @executable_path/Frameworks";
				PRODUCT_BUNDLE_IDENTIFIER = sklar.CircularLevelRankingIndicator;
				PRODUCT_NAME = "$(TARGET_NAME)";
			};
			name = Release;
		};
		02A1813A1DA54A5100F0FEB6 /* Debug */ = {
			isa = XCBuildConfiguration;
			buildSettings = {
				BUNDLE_LOADER = "$(TEST_HOST)";
				INFOPLIST_FILE = CircularLevelRankingIndicatorTests/Info.plist;
				LD_RUNPATH_SEARCH_PATHS = "$(inherited) @executable_path/Frameworks @loader_path/Frameworks";
				PRODUCT_BUNDLE_IDENTIFIER = sklar.CircularLevelRankingIndicatorTests;
				PRODUCT_NAME = "$(TARGET_NAME)";
				TEST_HOST = "$(BUILT_PRODUCTS_DIR)/CircularLevelRankingIndicator.app/CircularLevelRankingIndicator";
			};
			name = Debug;
		};
		02A1813B1DA54A5100F0FEB6 /* Release */ = {
			isa = XCBuildConfiguration;
			buildSettings = {
				BUNDLE_LOADER = "$(TEST_HOST)";
				INFOPLIST_FILE = CircularLevelRankingIndicatorTests/Info.plist;
				LD_RUNPATH_SEARCH_PATHS = "$(inherited) @executable_path/Frameworks @loader_path/Frameworks";
				PRODUCT_BUNDLE_IDENTIFIER = sklar.CircularLevelRankingIndicatorTests;
				PRODUCT_NAME = "$(TARGET_NAME)";
				TEST_HOST = "$(BUILT_PRODUCTS_DIR)/CircularLevelRankingIndicator.app/CircularLevelRankingIndicator";
			};
			name = Release;
		};
/* End XCBuildConfiguration section */

/* Begin XCConfigurationList section */
		02A181141DA54A5100F0FEB6 /* Build configuration list for PBXProject "CircularLevelRankingIndicator" */ = {
			isa = XCConfigurationList;
			buildConfigurations = (
				02A181341DA54A5100F0FEB6 /* Debug */,
				02A181351DA54A5100F0FEB6 /* Release */,
			);
			defaultConfigurationIsVisible = 0;
			defaultConfigurationName = Release;
		};
		02A181361DA54A5100F0FEB6 /* Build configuration list for PBXNativeTarget "CircularLevelRankingIndicator" */ = {
			isa = XCConfigurationList;
			buildConfigurations = (
				02A181371DA54A5100F0FEB6 /* Debug */,
				02A181381DA54A5100F0FEB6 /* Release */,
			);
			defaultConfigurationIsVisible = 0;
			defaultConfigurationName = Release;
		};
		02A181391DA54A5100F0FEB6 /* Build configuration list for PBXNativeTarget "CircularLevelRankingIndicatorTests" */ = {
			isa = XCConfigurationList;
			buildConfigurations = (
				02A1813A1DA54A5100F0FEB6 /* Debug */,
				02A1813B1DA54A5100F0FEB6 /* Release */,
			);
			defaultConfigurationIsVisible = 0;
			defaultConfigurationName = Release;
		};
/* End XCConfigurationList section */
	};
	rootObject = 02A181111DA54A5100F0FEB6 /* Project object */;
}
