PODS:
  - HanekeSwift (0.10.1)
  - SnapKit (0.22.0)

DEPENDENCIES:
  - HanekeSwift
  - SnapKit (= 0.22.0)

SPEC CHECKSUMS:
  HanekeSwift: 08e47d3d0f2899ec58e5d257beba0de619aca9e8
  SnapKit: 0dd2fd157330f1ea11fd84da13e6be8a7a22bae0

PODFILE CHECKSUM: 6706b0bb106aad866e60f27c7f28d497d73037e7

COCOAPODS: 1.1.0.beta.2
