// !$*UTF8*$!
{
	archiveVersion = 1;
	classes = {
	};
	objectVersion = 46;
	objects = {

/* Begin PBXBuildFile section */
		0276F4001DBEB00A0095A5EE /* BubbleRankingIndicatorView.swift in Sources */ = {isa = PBXBuildFile; fileRef = 0276F3FE1DBEB00A0095A5EE /* BubbleRankingIndicatorView.swift */; };
		0276F4011DBEB00A0095A5EE /* BubbleRankView.swift in Sources */ = {isa = PBXBuildFile; fileRef = 0276F3FF1DBEB00A0095A5EE /* BubbleRankView.swift */; };
		0276F4041DBEB1F50095A5EE /* UIView+Manipulation.swift in Sources */ = {isa = PBXBuildFile; fileRef = 0276F4031DBEB1F50095A5EE /* UIView+Manipulation.swift */; };
		02B0ED7D1DABF66C00381D4E /* BubbleRankingIndicatorTests.swift in Sources */ = {isa = PBXBuildFile; fileRef = 02B0ED7C1DABF66C00381D4E /* BubbleRankingIndicatorTests.swift */; };
		02C7E5651DABF0590007EE26 /* AppDelegate.swift in Sources */ = {isa = PBXBuildFile; fileRef = 02C7E55F1DABF0590007EE26 /* AppDelegate.swift */; };
		02C7E5661DABF0590007EE26 /* Assets.xcassets in Resources */ = {isa = PBXBuildFile; fileRef = 02C7E5601DABF0590007EE26 /* Assets.xcassets */; };
		02C7E56A1DABF0590007EE26 /* ViewController.swift in Sources */ = {isa = PBXBuildFile; fileRef = 02C7E5641DABF0590007EE26 /* ViewController.swift */; };
		02C7E56F1DABF0690007EE26 /* LaunchScreen.storyboard in Resources */ = {isa = PBXBuildFile; fileRef = 02C7E56B1DABF0690007EE26 /* LaunchScreen.storyboard */; };
		02C7E5701DABF0690007EE26 /* Main.storyboard in Resources */ = {isa = PBXBuildFile; fileRef = 02C7E56D1DABF0690007EE26 /* Main.storyboard */; };
		02C7E5781DABF3B40007EE26 /* Info.plist in Resources */ = {isa = PBXBuildFile; fileRef = 02C7E5761DABF3B40007EE26 /* Info.plist */; };
		06938FE8C37B123B44C4BAF5 /* Pods_CircularLevelRankingIndicatorTests.framework in Frameworks */ = {isa = PBXBuildFile; fileRef = 488F1A7A4A4FD98056830C00 /* Pods_CircularLevelRankingIndicatorTests.framework */; };
		16E1DF2CF3AEE71FB77EFFD5 /* Pods_BubbleRankingIndicator.framework in Frameworks */ = {isa = PBXBuildFile; fileRef = 01591C3A154D106B24207C77 /* Pods_BubbleRankingIndicator.framework */; };
		F5FF3B566883D066D76B9BE2 /* Pods_BubbleRankingIndicatorTests.framework in Frameworks */ = {isa = PBXBuildFile; fileRef = 659F93DAC0F0E4E72F4EA412 /* Pods_BubbleRankingIndicatorTests.framework */; };
/* End PBXBuildFile section */

/* Begin PBXContainerItemProxy section */
		02A1812E1DA54A5100F0FEB6 /* PBXContainerItemProxy */ = {
			isa = PBXContainerItemProxy;
			containerPortal = 02A181111DA54A5100F0FEB6 /* Project object */;
			proxyType = 1;
			remoteGlobalIDString = 02A181181DA54A5100F0FEB6;
			remoteInfo = CircularLevelRankingIndicator;
		};
/* End PBXContainerItemProxy section */

/* Begin PBXFileReference section */
		01591C3A154D106B24207C77 /* Pods_BubbleRankingIndicator.framework */ = {isa = PBXFileReference; explicitFileType = wrapper.framework; includeInIndex = 0; path = Pods_BubbleRankingIndicator.framework; sourceTree = BUILT_PRODUCTS_DIR; };
		0276F3FE1DBEB00A0095A5EE /* BubbleRankingIndicatorView.swift */ = {isa = PBXFileReference; fileEncoding = 4; lastKnownFileType = sourcecode.swift; path = BubbleRankingIndicatorView.swift; sourceTree = "<group>"; };
		0276F3FF1DBEB00A0095A5EE /* BubbleRankView.swift */ = {isa = PBXFileReference; fileEncoding = 4; lastKnownFileType = sourcecode.swift; path = BubbleRankView.swift; sourceTree = "<group>"; };
		0276F4031DBEB1F50095A5EE /* UIView+Manipulation.swift */ = {isa = PBXFileReference; fileEncoding = 4; lastKnownFileType = sourcecode.swift; path = "UIView+Manipulation.swift"; sourceTree = "<group>"; };
		02A181191DA54A5100F0FEB6 /* BubbleRankingIndicator.app */ = {isa = PBXFileReference; explicitFileType = wrapper.application; includeInIndex = 0; path = BubbleRankingIndicator.app; sourceTree = BUILT_PRODUCTS_DIR; };
		02A1812D1DA54A5100F0FEB6 /* BubbleRankingIndicatorTests.xctest */ = {isa = PBXFileReference; explicitFileType = wrapper.cfbundle; includeInIndex = 0; path = BubbleRankingIndicatorTests.xctest; sourceTree = BUILT_PRODUCTS_DIR; };
		02B0ED7C1DABF66C00381D4E /* BubbleRankingIndicatorTests.swift */ = {isa = PBXFileReference; fileEncoding = 4; lastKnownFileType = sourcecode.swift; path = BubbleRankingIndicatorTests.swift; sourceTree = "<group>"; };
		02C7E55F1DABF0590007EE26 /* AppDelegate.swift */ = {isa = PBXFileReference; fileEncoding = 4; lastKnownFileType = sourcecode.swift; name = AppDelegate.swift; path = BubbleRankingIndicator/AppDelegate.swift; sourceTree = SOURCE_ROOT; };
		02C7E5601DABF0590007EE26 /* Assets.xcassets */ = {isa = PBXFileReference; lastKnownFileType = folder.assetcatalog; name = Assets.xcassets; path = BubbleRankingIndicator/Assets.xcassets; sourceTree = SOURCE_ROOT; };
		02C7E5631DABF0590007EE26 /* Info.plist */ = {isa = PBXFileReference; fileEncoding = 4; lastKnownFileType = text.plist.xml; name = Info.plist; path = BubbleRankingIndicator/Info.plist; sourceTree = SOURCE_ROOT; };
		02C7E5641DABF0590007EE26 /* ViewController.swift */ = {isa = PBXFileReference; fileEncoding = 4; lastKnownFileType = sourcecode.swift; name = ViewController.swift; path = BubbleRankingIndicator/ViewController.swift; sourceTree = SOURCE_ROOT; };
		02C7E56C1DABF0690007EE26 /* Base */ = {isa = PBXFileReference; lastKnownFileType = file.storyboard; name = Base; path = BubbleRankingIndicator/Base.lproj/LaunchScreen.storyboard; sourceTree = SOURCE_ROOT; };
		02C7E56E1DABF0690007EE26 /* Base */ = {isa = PBXFileReference; lastKnownFileType = file.storyboard; name = Base; path = BubbleRankingIndicator/Base.lproj/Main.storyboard; sourceTree = SOURCE_ROOT; };
		02C7E5761DABF3B40007EE26 /* Info.plist */ = {isa = PBXFileReference; fileEncoding = 4; lastKnownFileType = text.plist.xml; name = Info.plist; path = BubbleRankingIndicatorTests/Info.plist; sourceTree = SOURCE_ROOT; };
		11AC78AAFBFD4A0900FCFBFF /* Pods-CircularLevelRankingIndicator.debug.xcconfig */ = {isa = PBXFileReference; includeInIndex = 1; lastKnownFileType = text.xcconfig; name = "Pods-CircularLevelRankingIndicator.debug.xcconfig"; path = "Pods/Target Support Files/Pods-CircularLevelRankingIndicator/Pods-CircularLevelRankingIndicator.debug.xcconfig"; sourceTree = "<group>"; };
		139E819A5631AF6608680CC2 /* Pods-BubbleRankingIndicatorTests.debug.xcconfig */ = {isa = PBXFileReference; includeInIndex = 1; lastKnownFileType = text.xcconfig; name = "Pods-BubbleRankingIndicatorTests.debug.xcconfig"; path = "Pods/Target Support Files/Pods-BubbleRankingIndicatorTests/Pods-BubbleRankingIndicatorTests.debug.xcconfig"; sourceTree = "<group>"; };
		27296909FBABEB15E59FA95C /* Pods_CircularLevelRankingIndicator.framework */ = {isa = PBXFileReference; explicitFileType = wrapper.framework; includeInIndex = 0; path = Pods_CircularLevelRankingIndicator.framework; sourceTree = BUILT_PRODUCTS_DIR; };
		488F1A7A4A4FD98056830C00 /* Pods_CircularLevelRankingIndicatorTests.framework */ = {isa = PBXFileReference; explicitFileType = wrapper.framework; includeInIndex = 0; path = Pods_CircularLevelRankingIndicatorTests.framework; sourceTree = BUILT_PRODUCTS_DIR; };
		659F93DAC0F0E4E72F4EA412 /* Pods_BubbleRankingIndicatorTests.framework */ = {isa = PBXFileReference; explicitFileType = wrapper.framework; includeInIndex = 0; path = Pods_BubbleRankingIndicatorTests.framework; sourceTree = BUILT_PRODUCTS_DIR; };
		684BBB7DBF89D6CFE3BE7322 /* Pods-BubbleRankingIndicator.release.xcconfig */ = {isa = PBXFileReference; includeInIndex = 1; lastKnownFileType = text.xcconfig; name = "Pods-BubbleRankingIndicator.release.xcconfig"; path = "Pods/Target Support Files/Pods-BubbleRankingIndicator/Pods-BubbleRankingIndicator.release.xcconfig"; sourceTree = "<group>"; };
		6B4E28234429A117BD1B8016 /* Pods-BubbleRankingIndicatorTests.release.xcconfig */ = {isa = PBXFileReference; includeInIndex = 1; lastKnownFileType = text.xcconfig; name = "Pods-BubbleRankingIndicatorTests.release.xcconfig"; path = "Pods/Target Support Files/Pods-BubbleRankingIndicatorTests/Pods-BubbleRankingIndicatorTests.release.xcconfig"; sourceTree = "<group>"; };
		7D3DF27A25CFDF9A8C59DAC5 /* Pods-CircularLevelRankingIndicator.release.xcconfig */ = {isa = PBXFileReference; includeInIndex = 1; lastKnownFileType = text.xcconfig; name = "Pods-CircularLevelRankingIndicator.release.xcconfig"; path = "Pods/Target Support Files/Pods-CircularLevelRankingIndicator/Pods-CircularLevelRankingIndicator.release.xcconfig"; sourceTree = "<group>"; };
		8EE93845D34BFBFA4C721C75 /* Pods-BubbleRankingIndicator.debug.xcconfig */ = {isa = PBXFileReference; includeInIndex = 1; lastKnownFileType = text.xcconfig; name = "Pods-BubbleRankingIndicator.debug.xcconfig"; path = "Pods/Target Support Files/Pods-BubbleRankingIndicator/Pods-BubbleRankingIndicator.debug.xcconfig"; sourceTree = "<group>"; };
		BE1B1C61E4DFC3BF6784E925 /* Pods-CircularLevelRankingIndicatorTests.debug.xcconfig */ = {isa = PBXFileReference; includeInIndex = 1; lastKnownFileType = text.xcconfig; name = "Pods-CircularLevelRankingIndicatorTests.debug.xcconfig"; path = "Pods/Target Support Files/Pods-CircularLevelRankingIndicatorTests/Pods-CircularLevelRankingIndicatorTests.debug.xcconfig"; sourceTree = "<group>"; };
		FC34698E009ED133BFC70D01 /* Pods-CircularLevelRankingIndicatorTests.release.xcconfig */ = {isa = PBXFileReference; includeInIndex = 1; lastKnownFileType = text.xcconfig; name = "Pods-CircularLevelRankingIndicatorTests.release.xcconfig"; path = "Pods/Target Support Files/Pods-CircularLevelRankingIndicatorTests/Pods-CircularLevelRankingIndicatorTests.release.xcconfig"; sourceTree = "<group>"; };
/* End PBXFileReference section */

/* Begin PBXFrameworksBuildPhase section */
		02A181161DA54A5100F0FEB6 /* Frameworks */ = {
			isa = PBXFrameworksBuildPhase;
			buildActionMask = 2147483647;
			files = (
				16E1DF2CF3AEE71FB77EFFD5 /* Pods_BubbleRankingIndicator.framework in Frameworks */,
			);
			runOnlyForDeploymentPostprocessing = 0;
		};
		02A1812A1DA54A5100F0FEB6 /* Frameworks */ = {
			isa = PBXFrameworksBuildPhase;
			buildActionMask = 2147483647;
			files = (
				06938FE8C37B123B44C4BAF5 /* Pods_CircularLevelRankingIndicatorTests.framework in Frameworks */,
				F5FF3B566883D066D76B9BE2 /* Pods_BubbleRankingIndicatorTests.framework in Frameworks */,
			);
			runOnlyForDeploymentPostprocessing = 0;
		};
/* End PBXFrameworksBuildPhase section */

/* Begin PBXGroup section */
		0276F3FD1DBEB00A0095A5EE /* Source */ = {
			isa = PBXGroup;
			children = (
				0276F4021DBEB1F50095A5EE /* Extensions */,
				0276F3FE1DBEB00A0095A5EE /* BubbleRankingIndicatorView.swift */,
				0276F3FF1DBEB00A0095A5EE /* BubbleRankView.swift */,
			);
			path = Source;
			sourceTree = SOURCE_ROOT;
		};
		0276F4021DBEB1F50095A5EE /* Extensions */ = {
			isa = PBXGroup;
			children = (
				0276F4031DBEB1F50095A5EE /* UIView+Manipulation.swift */,
			);
			path = Extensions;
			sourceTree = "<group>";
		};
		02A181101DA54A5100F0FEB6 = {
			isa = PBXGroup;
			children = (
				02A1811B1DA54A5100F0FEB6 /* BubbleRankingIndicator */,
				02A181301DA54A5100F0FEB6 /* BubbleRankingIndicatorTests */,
				02A1811A1DA54A5100F0FEB6 /* Products */,
				9F5DA5248FCA20BBDF55E974 /* Pods */,
				E2A83A86A074CFBABC10E91B /* Frameworks */,
			);
			sourceTree = "<group>";
		};
		02A1811A1DA54A5100F0FEB6 /* Products */ = {
			isa = PBXGroup;
			children = (
				02A181191DA54A5100F0FEB6 /* BubbleRankingIndicator.app */,
				02A1812D1DA54A5100F0FEB6 /* BubbleRankingIndicatorTests.xctest */,
			);
			name = Products;
			sourceTree = "<group>";
		};
		02A1811B1DA54A5100F0FEB6 /* BubbleRankingIndicator */ = {
			isa = PBXGroup;
			children = (
				0276F3FD1DBEB00A0095A5EE /* Source */,
				02C7E55F1DABF0590007EE26 /* AppDelegate.swift */,
				02C7E5601DABF0590007EE26 /* Assets.xcassets */,
				02C7E56B1DABF0690007EE26 /* LaunchScreen.storyboard */,
				02C7E56D1DABF0690007EE26 /* Main.storyboard */,
				02C7E5631DABF0590007EE26 /* Info.plist */,
				02C7E5641DABF0590007EE26 /* ViewController.swift */,
			);
			name = BubbleRankingIndicator;
			path = CircularLevelRankingIndicator;
			sourceTree = "<group>";
		};
		02A181301DA54A5100F0FEB6 /* BubbleRankingIndicatorTests */ = {
			isa = PBXGroup;
			children = (
				02B0ED7C1DABF66C00381D4E /* BubbleRankingIndicatorTests.swift */,
				02C7E5761DABF3B40007EE26 /* Info.plist */,
			);
			path = BubbleRankingIndicatorTests;
			sourceTree = "<group>";
		};
		9F5DA5248FCA20BBDF55E974 /* Pods */ = {
			isa = PBXGroup;
			children = (
				11AC78AAFBFD4A0900FCFBFF /* Pods-CircularLevelRankingIndicator.debug.xcconfig */,
				7D3DF27A25CFDF9A8C59DAC5 /* Pods-CircularLevelRankingIndicator.release.xcconfig */,
				BE1B1C61E4DFC3BF6784E925 /* Pods-CircularLevelRankingIndicatorTests.debug.xcconfig */,
				FC34698E009ED133BFC70D01 /* Pods-CircularLevelRankingIndicatorTests.release.xcconfig */,
				8EE93845D34BFBFA4C721C75 /* Pods-BubbleRankingIndicator.debug.xcconfig */,
				684BBB7DBF89D6CFE3BE7322 /* Pods-BubbleRankingIndicator.release.xcconfig */,
				139E819A5631AF6608680CC2 /* Pods-BubbleRankingIndicatorTests.debug.xcconfig */,
				6B4E28234429A117BD1B8016 /* Pods-BubbleRankingIndicatorTests.release.xcconfig */,
			);
			name = Pods;
			sourceTree = "<group>";
		};
		E2A83A86A074CFBABC10E91B /* Frameworks */ = {
			isa = PBXGroup;
			children = (
				27296909FBABEB15E59FA95C /* Pods_CircularLevelRankingIndicator.framework */,
				488F1A7A4A4FD98056830C00 /* Pods_CircularLevelRankingIndicatorTests.framework */,
				01591C3A154D106B24207C77 /* Pods_BubbleRankingIndicator.framework */,
				659F93DAC0F0E4E72F4EA412 /* Pods_BubbleRankingIndicatorTests.framework */,
			);
			name = Frameworks;
			sourceTree = "<group>";
		};
/* End PBXGroup section */

/* Begin PBXNativeTarget section */
		02A181181DA54A5100F0FEB6 /* BubbleRankingIndicator */ = {
			isa = PBXNativeTarget;
			buildConfigurationList = 02A181361DA54A5100F0FEB6 /* Build configuration list for PBXNativeTarget "BubbleRankingIndicator" */;
			buildPhases = (
				34990AAFDEAC6C479412B3DD /* [CP] Check Pods Manifest.lock */,
				02A181151DA54A5100F0FEB6 /* Sources */,
				02A181161DA54A5100F0FEB6 /* Frameworks */,
				02A181171DA54A5100F0FEB6 /* Resources */,
				C3B976DA3DBF7D395D89F09D /* [CP] Embed Pods Frameworks */,
				9715E836E87F14BBD62BAE30 /* [CP] Copy Pods Resources */,
			);
			buildRules = (
			);
			dependencies = (
			);
			name = BubbleRankingIndicator;
			productName = CircularLevelRankingIndicator;
			productReference = 02A181191DA54A5100F0FEB6 /* BubbleRankingIndicator.app */;
			productType = "com.apple.product-type.application";
		};
		02A1812C1DA54A5100F0FEB6 /* BubbleRankingIndicatorTests */ = {
			isa = PBXNativeTarget;
			buildConfigurationList = 02A181391DA54A5100F0FEB6 /* Build configuration list for PBXNativeTarget "BubbleRankingIndicatorTests" */;
			buildPhases = (
				03D622A096948CE6ABECF792 /* [CP] Check Pods Manifest.lock */,
				02A181291DA54A5100F0FEB6 /* Sources */,
				02A1812A1DA54A5100F0FEB6 /* Frameworks */,
				02A1812B1DA54A5100F0FEB6 /* Resources */,
				350248279D293BF44AB0D6CC /* [CP] Embed Pods Frameworks */,
				0ED7177AB7C4A93EA45D7992 /* [CP] Copy Pods Resources */,
			);
			buildRules = (
			);
			dependencies = (
				02A1812F1DA54A5100F0FEB6 /* PBXTargetDependency */,
			);
			name = BubbleRankingIndicatorTests;
			productName = CircularLevelRankingIndicatorTests;
			productReference = 02A1812D1DA54A5100F0FEB6 /* BubbleRankingIndicatorTests.xctest */;
			productType = "com.apple.product-type.bundle.unit-test";
		};
/* End PBXNativeTarget section */

/* Begin PBXProject section */
		02A181111DA54A5100F0FEB6 /* Project object */ = {
			isa = PBXProject;
			attributes = {
				LastSwiftUpdateCheck = 0730;
				LastUpgradeCheck = 0810;
				ORGANIZATIONNAME = Sklar;
				TargetAttributes = {
					02A181181DA54A5100F0FEB6 = {
						CreatedOnToolsVersion = 7.3.1;
						LastSwiftMigration = 0810;
					};
					02A1812C1DA54A5100F0FEB6 = {
						CreatedOnToolsVersion = 7.3.1;
						LastSwiftMigration = 0810;
						TestTargetID = 02A181181DA54A5100F0FEB6;
					};
				};
			};
			buildConfigurationList = 02A181141DA54A5100F0FEB6 /* Build configuration list for PBXProject "BubbleRankingIndicator" */;
			compatibilityVersion = "Xcode 3.2";
			developmentRegion = English;
			hasScannedForEncodings = 0;
			knownRegions = (
				en,
				Base,
			);
			mainGroup = 02A181101DA54A5100F0FEB6;
			productRefGroup = 02A1811A1DA54A5100F0FEB6 /* Products */;
			projectDirPath = "";
			projectRoot = "";
			targets = (
				02A181181DA54A5100F0FEB6 /* BubbleRankingIndicator */,
				02A1812C1DA54A5100F0FEB6 /* BubbleRankingIndicatorTests */,
			);
		};
/* End PBXProject section */

/* Begin PBXResourcesBuildPhase section */
		02A181171DA54A5100F0FEB6 /* Resources */ = {
			isa = PBXResourcesBuildPhase;
			buildActionMask = 2147483647;
			files = (
				02C7E56F1DABF0690007EE26 /* LaunchScreen.storyboard in Resources */,
				02C7E5661DABF0590007EE26 /* Assets.xcassets in Resources */,
				02C7E5781DABF3B40007EE26 /* Info.plist in Resources */,
				02C7E5701DABF0690007EE26 /* Main.storyboard in Resources */,
			);
			runOnlyForDeploymentPostprocessing = 0;
		};
		02A1812B1DA54A5100F0FEB6 /* Resources */ = {
			isa = PBXResourcesBuildPhase;
			buildActionMask = 2147483647;
			files = (
			);
			runOnlyForDeploymentPostprocessing = 0;
		};
/* End PBXResourcesBuildPhase section */

/* Begin PBXShellScriptBuildPhase section */
		03D622A096948CE6ABECF792 /* [CP] Check Pods Manifest.lock */ = {
			isa = PBXShellScriptBuildPhase;
			buildActionMask = 2147483647;
			files = (
			);
			inputPaths = (
			);
			name = "[CP] Check Pods Manifest.lock";
			outputPaths = (
			);
			runOnlyForDeploymentPostprocessing = 0;
			shellPath = /bin/sh;
			shellScript = "diff \"${PODS_ROOT}/../Podfile.lock\" \"${PODS_ROOT}/Manifest.lock\" > /dev/null\nif [ $? != 0 ] ; then\n    # print error to STDERR\n    echo \"error: The sandbox is not in sync with the Podfile.lock. Run 'pod install' or update your CocoaPods installation.\" >&2\n    exit 1\nfi\n";
			showEnvVarsInLog = 0;
		};
		0ED7177AB7C4A93EA45D7992 /* [CP] Copy Pods Resources */ = {
			isa = PBXShellScriptBuildPhase;
			buildActionMask = 2147483647;
			files = (
			);
			inputPaths = (
			);
			name = "[CP] Copy Pods Resources";
			outputPaths = (
			);
			runOnlyForDeploymentPostprocessing = 0;
			shellPath = /bin/sh;
			shellScript = "\"${SRCROOT}/Pods/Target Support Files/Pods-BubbleRankingIndicatorTests/Pods-BubbleRankingIndicatorTests-resources.sh\"\n";
			showEnvVarsInLog = 0;
		};
		34990AAFDEAC6C479412B3DD /* [CP] Check Pods Manifest.lock */ = {
			isa = PBXShellScriptBuildPhase;
			buildActionMask = 2147483647;
			files = (
			);
			inputPaths = (
			);
			name = "[CP] Check Pods Manifest.lock";
			outputPaths = (
			);
			runOnlyForDeploymentPostprocessing = 0;
			shellPath = /bin/sh;
			shellScript = "diff \"${PODS_ROOT}/../Podfile.lock\" \"${PODS_ROOT}/Manifest.lock\" > /dev/null\nif [ $? != 0 ] ; then\n    # print error to STDERR\n    echo \"error: The sandbox is not in sync with the Podfile.lock. Run 'pod install' or update your CocoaPods installation.\" >&2\n    exit 1\nfi\n";
			showEnvVarsInLog = 0;
		};
		350248279D293BF44AB0D6CC /* [CP] Embed Pods Frameworks */ = {
			isa = PBXShellScriptBuildPhase;
			buildActionMask = 2147483647;
			files = (
			);
			inputPaths = (
			);
			name = "[CP] Embed Pods Frameworks";
			outputPaths = (
			);
			runOnlyForDeploymentPostprocessing = 0;
			shellPath = /bin/sh;
			shellScript = "\"${SRCROOT}/Pods/Target Support Files/Pods-BubbleRankingIndicatorTests/Pods-BubbleRankingIndicatorTests-frameworks.sh\"\n";
			showEnvVarsInLog = 0;
		};
		9715E836E87F14BBD62BAE30 /* [CP] Copy Pods Resources */ = {
			isa = PBXShellScriptBuildPhase;
			buildActionMask = 2147483647;
			files = (
			);
			inputPaths = (
			);
			name = "[CP] Copy Pods Resources";
			outputPaths = (
			);
			runOnlyForDeploymentPostprocessing = 0;
			shellPath = /bin/sh;
			shellScript = "\"${SRCROOT}/Pods/Target Support Files/Pods-BubbleRankingIndicator/Pods-BubbleRankingIndicator-resources.sh\"\n";
			showEnvVarsInLog = 0;
		};
		C3B976DA3DBF7D395D89F09D /* [CP] Embed Pods Frameworks */ = {
			isa = PBXShellScriptBuildPhase;
			buildActionMask = 2147483647;
			files = (
			);
			inputPaths = (
			);
			name = "[CP] Embed Pods Frameworks";
			outputPaths = (
			);
			runOnlyForDeploymentPostprocessing = 0;
			shellPath = /bin/sh;
			shellScript = "\"${SRCROOT}/Pods/Target Support Files/Pods-BubbleRankingIndicator/Pods-BubbleRankingIndicator-frameworks.sh\"\n";
			showEnvVarsInLog = 0;
		};
/* End PBXShellScriptBuildPhase section */

/* Begin PBXSourcesBuildPhase section */
		02A181151DA54A5100F0FEB6 /* Sources */ = {
			isa = PBXSourcesBuildPhase;
			buildActionMask = 2147483647;
			files = (
				0276F4041DBEB1F50095A5EE /* UIView+Manipulation.swift in Sources */,
				0276F4001DBEB00A0095A5EE /* BubbleRankingIndicatorView.swift in Sources */,
				0276F4011DBEB00A0095A5EE /* BubbleRankView.swift in Sources */,
				02C7E56A1DABF0590007EE26 /* ViewController.swift in Sources */,
				02C7E5651DABF0590007EE26 /* AppDelegate.swift in Sources */,
			);
			runOnlyForDeploymentPostprocessing = 0;
		};
		02A181291DA54A5100F0FEB6 /* Sources */ = {
			isa = PBXSourcesBuildPhase;
			buildActionMask = 2147483647;
			files = (
				02B0ED7D1DABF66C00381D4E /* BubbleRankingIndicatorTests.swift in Sources */,
			);
			runOnlyForDeploymentPostprocessing = 0;
		};
/* End PBXSourcesBuildPhase section */

/* Begin PBXTargetDependency section */
		02A1812F1DA54A5100F0FEB6 /* PBXTargetDependency */ = {
			isa = PBXTargetDependency;
			target = 02A181181DA54A5100F0FEB6 /* BubbleRankingIndicator */;
			targetProxy = 02A1812E1DA54A5100F0FEB6 /* PBXContainerItemProxy */;
		};
/* End PBXTargetDependency section */

/* Begin PBXVariantGroup section */
		02C7E56B1DABF0690007EE26 /* LaunchScreen.storyboard */ = {
			isa = PBXVariantGroup;
			children = (
				02C7E56C1DABF0690007EE26 /* Base */,
			);
			name = LaunchScreen.storyboard;
			sourceTree = "<group>";
		};
		02C7E56D1DABF0690007EE26 /* Main.storyboard */ = {
			isa = PBXVariantGroup;
			children = (
				02C7E56E1DABF0690007EE26 /* Base */,
			);
			name = Main.storyboard;
			sourceTree = "<group>";
		};
/* End PBXVariantGroup section */

/* Begin XCBuildConfiguration section */
		02A181341DA54A5100F0FEB6 /* Debug */ = {
			isa = XCBuildConfiguration;
			buildSettings = {
				ALWAYS_SEARCH_USER_PATHS = NO;
				CLANG_ANALYZER_NONNULL = YES;
				CLANG_CXX_LANGUAGE_STANDARD = "gnu++0x";
				CLANG_CXX_LIBRARY = "libc++";
				CLANG_ENABLE_MODULES = YES;
				CLANG_ENABLE_OBJC_ARC = YES;
				CLANG_WARN_BOOL_CONVERSION = YES;
				CLANG_WARN_CONSTANT_CONVERSION = YES;
				CLANG_WARN_DIRECT_OBJC_ISA_USAGE = YES_ERROR;
				CLANG_WARN_EMPTY_BODY = YES;
				CLANG_WARN_ENUM_CONVERSION = YES;
				CLANG_WARN_INFINITE_RECURSION = YES;
				CLANG_WARN_INT_CONVERSION = YES;
				CLANG_WARN_OBJC_ROOT_CLASS = YES_ERROR;
				CLANG_WARN_SUSPICIOUS_MOVE = YES;
				CLANG_WARN_UNREACHABLE_CODE = YES;
				CLANG_WARN__DUPLICATE_METHOD_MATCH = YES;
				"CODE_SIGN_IDENTITY[sdk=iphoneos*]" = "iPhone Developer";
				COPY_PHASE_STRIP = NO;
				DEBUG_INFORMATION_FORMAT = dwarf;
				ENABLE_STRICT_OBJC_MSGSEND = YES;
				ENABLE_TESTABILITY = YES;
				GCC_C_LANGUAGE_STANDARD = gnu99;
				GCC_DYNAMIC_NO_PIC = NO;
				GCC_NO_COMMON_BLOCKS = YES;
				GCC_OPTIMIZATION_LEVEL = 0;
				GCC_PREPROCESSOR_DEFINITIONS = (
					"DEBUG=1",
					"$(inherited)",
				);
				GCC_WARN_64_TO_32_BIT_CONVERSION = YES;
				GCC_WARN_ABOUT_RETURN_TYPE = YES_ERROR;
				GCC_WARN_UNDECLARED_SELECTOR = YES;
				GCC_WARN_UNINITIALIZED_AUTOS = YES_AGGRESSIVE;
				GCC_WARN_UNUSED_FUNCTION = YES;
				GCC_WARN_UNUSED_VARIABLE = YES;
				IPHONEOS_DEPLOYMENT_TARGET = 9.3;
				MTL_ENABLE_DEBUG_INFO = YES;
				ONLY_ACTIVE_ARCH = YES;
				SDKROOT = iphoneos;
				SWIFT_OPTIMIZATION_LEVEL = "-Onone";
				TARGETED_DEVICE_FAMILY = "1,2";
			};
			name = Debug;
		};
		02A181351DA54A5100F0FEB6 /* Release */ = {
			isa = XCBuildConfiguration;
			buildSettings = {
				ALWAYS_SEARCH_USER_PATHS = NO;
				CLANG_ANALYZER_NONNULL = YES;
				CLANG_CXX_LANGUAGE_STANDARD = "gnu++0x";
				CLANG_CXX_LIBRARY = "libc++";
				CLANG_ENABLE_MODULES = YES;
				CLANG_ENABLE_OBJC_ARC = YES;
				CLANG_WARN_BOOL_CONVERSION = YES;
				CLANG_WARN_CONSTANT_CONVERSION = YES;
				CLANG_WARN_DIRECT_OBJC_ISA_USAGE = YES_ERROR;
				CLANG_WARN_EMPTY_BODY = YES;
				CLANG_WARN_ENUM_CONVERSION = YES;
				CLANG_WARN_INFINITE_RECURSION = YES;
				CLANG_WARN_INT_CONVERSION = YES;
				CLANG_WARN_OBJC_ROOT_CLASS = YES_ERROR;
				CLANG_WARN_SUSPICIOUS_MOVE = YES;
				CLANG_WARN_UNREACHABLE_CODE = YES;
				CLANG_WARN__DUPLICATE_METHOD_MATCH = YES;
				"CODE_SIGN_IDENTITY[sdk=iphoneos*]" = "iPhone Developer";
				COPY_PHASE_STRIP = NO;
				DEBUG_INFORMATION_FORMAT = "dwarf-with-dsym";
				ENABLE_NS_ASSERTIONS = NO;
				ENABLE_STRICT_OBJC_MSGSEND = YES;
				GCC_C_LANGUAGE_STANDARD = gnu99;
				GCC_NO_COMMON_BLOCKS = YES;
				GCC_WARN_64_TO_32_BIT_CONVERSION = YES;
				GCC_WARN_ABOUT_RETURN_TYPE = YES_ERROR;
				GCC_WARN_UNDECLARED_SELECTOR = YES;
				GCC_WARN_UNINITIALIZED_AUTOS = YES_AGGRESSIVE;
				GCC_WARN_UNUSED_FUNCTION = YES;
				GCC_WARN_UNUSED_VARIABLE = YES;
				IPHONEOS_DEPLOYMENT_TARGET = 9.3;
				MTL_ENABLE_DEBUG_INFO = NO;
				SDKROOT = iphoneos;
				SWIFT_OPTIMIZATION_LEVEL = "-Owholemodule";
				TARGETED_DEVICE_FAMILY = "1,2";
				VALIDATE_PRODUCT = YES;
			};
			name = Release;
		};
		02A181371DA54A5100F0FEB6 /* Debug */ = {
			isa = XCBuildConfiguration;
			baseConfigurationReference = 8EE93845D34BFBFA4C721C75 /* Pods-BubbleRankingIndicator.debug.xcconfig */;
			buildSettings = {
				ALWAYS_EMBED_SWIFT_STANDARD_LIBRARIES = YES;
				ASSETCATALOG_COMPILER_APPICON_NAME = AppIcon;
				CLANG_ENABLE_MODULES = YES;
				INFOPLIST_FILE = "$(SRCROOT)/BubbleRankingIndicator/Info.plist";
				LD_RUNPATH_SEARCH_PATHS = "$(inherited) @executable_path/Frameworks";
				PRODUCT_BUNDLE_IDENTIFIER = sklar.BubbleRankingIndicator;
				PRODUCT_NAME = "$(TARGET_NAME)";
				SWIFT_OPTIMIZATION_LEVEL = "-Onone";
				SWIFT_VERSION = 3.0;
			};
			name = Debug;
		};
		02A181381DA54A5100F0FEB6 /* Release */ = {
			isa = XCBuildConfiguration;
			baseConfigurationReference = 684BBB7DBF89D6CFE3BE7322 /* Pods-BubbleRankingIndicator.release.xcconfig */;
			buildSettings = {
				ALWAYS_EMBED_SWIFT_STANDARD_LIBRARIES = YES;
				ASSETCATALOG_COMPILER_APPICON_NAME = AppIcon;
				CLANG_ENABLE_MODULES = YES;
				INFOPLIST_FILE = "$(SRCROOT)/BubbleRankingIndicator/Info.plist";
				LD_RUNPATH_SEARCH_PATHS = "$(inherited) @executable_path/Frameworks";
				PRODUCT_BUNDLE_IDENTIFIER = sklar.BubbleRankingIndicator;
				PRODUCT_NAME = "$(TARGET_NAME)";
				SWIFT_VERSION = 3.0;
			};
			name = Release;
		};
		02A1813A1DA54A5100F0FEB6 /* Debug */ = {
			isa = XCBuildConfiguration;
			baseConfigurationReference = 139E819A5631AF6608680CC2 /* Pods-BubbleRankingIndicatorTests.debug.xcconfig */;
			buildSettings = {
				BUNDLE_LOADER = "$(TEST_HOST)";
				INFOPLIST_FILE = BubbleRankingIndicatorTests/Info.plist;
				LD_RUNPATH_SEARCH_PATHS = "$(inherited) @executable_path/Frameworks @loader_path/Frameworks";
				PRODUCT_BUNDLE_IDENTIFIER = sklar.BubbleRankingIndicatorTests;
				PRODUCT_NAME = "$(TARGET_NAME)";
				SWIFT_VERSION = 3.0;
				TEST_HOST = "$(BUILT_PRODUCTS_DIR)/BubbleRankingIndicator.app/BubbleRankingIndicator";
			};
			name = Debug;
		};
		02A1813B1DA54A5100F0FEB6 /* Release */ = {
			isa = XCBuildConfiguration;
			baseConfigurationReference = 6B4E28234429A117BD1B8016 /* Pods-BubbleRankingIndicatorTests.release.xcconfig */;
			buildSettings = {
				BUNDLE_LOADER = "$(TEST_HOST)";
				INFOPLIST_FILE = BubbleRankingIndicatorTests/Info.plist;
				LD_RUNPATH_SEARCH_PATHS = "$(inherited) @executable_path/Frameworks @loader_path/Frameworks";
				PRODUCT_BUNDLE_IDENTIFIER = sklar.BubbleRankingIndicatorTests;
				PRODUCT_NAME = "$(TARGET_NAME)";
				SWIFT_VERSION = 3.0;
				TEST_HOST = "$(BUILT_PRODUCTS_DIR)/BubbleRankingIndicator.app/BubbleRankingIndicator";
			};
			name = Release;
		};
/* End XCBuildConfiguration section */

/* Begin XCConfigurationList section */
		02A181141DA54A5100F0FEB6 /* Build configuration list for PBXProject "BubbleRankingIndicator" */ = {
			isa = XCConfigurationList;
			buildConfigurations = (
				02A181341DA54A5100F0FEB6 /* Debug */,
				02A181351DA54A5100F0FEB6 /* Release */,
			);
			defaultConfigurationIsVisible = 0;
			defaultConfigurationName = Release;
		};
		02A181361DA54A5100F0FEB6 /* Build configuration list for PBXNativeTarget "BubbleRankingIndicator" */ = {
			isa = XCConfigurationList;
			buildConfigurations = (
				02A181371DA54A5100F0FEB6 /* Debug */,
				02A181381DA54A5100F0FEB6 /* Release */,
			);
			defaultConfigurationIsVisible = 0;
			defaultConfigurationName = Release;
		};
		02A181391DA54A5100F0FEB6 /* Build configuration list for PBXNativeTarget "BubbleRankingIndicatorTests" */ = {
			isa = XCConfigurationList;
			buildConfigurations = (
				02A1813A1DA54A5100F0FEB6 /* Debug */,
				02A1813B1DA54A5100F0FEB6 /* Release */,
			);
			defaultConfigurationIsVisible = 0;
			defaultConfigurationName = Release;
		};
/* End XCConfigurationList section */
	};
	rootObject = 02A181111DA54A5100F0FEB6 /* Project object */;
}
